
Microsoft Visual Studio Solution File, Format Version 12.00
# Visual Studio 15
VisualStudioVersion = 15.0.27428.2037
MinimumVisualStudioVersion = 10.0.40219.1
Project("{9A19103F-16F7-4668-BE54-9A1E7A4F7556}") = "OnlineStoreWatcher", "OnlineStoreWatcher\OnlineStoreWatcher.csproj", "{0C377B22-133F-489E-9A92-F5BB2F50DA22}"
EndProject
Project("{FAE04EC0-301F-11D3-BF4B-00C04F79EFBC}") = "OnlineStoreWatcher.Tests", "OnlineStoreWatcher.Tests\OnlineStoreWatcher.Tests.csproj", "{8B220354-D03A-4424-80DB-6C0305D83B63}"
EndProject
Global
	GlobalSection(SolutionConfigurationPlatforms) = preSolution
		Debug|Any CPU = Debug|Any CPU
		Release|Any CPU = Release|Any CPU
	EndGlobalSection
	GlobalSection(ProjectConfigurationPlatforms) = postSolution
		{0C377B22-133F-489E-9A92-F5BB2F50DA22}.Debug|Any CPU.ActiveCfg = Debug|Any CPU
		{0C377B22-133F-489E-9A92-F5BB2F50DA22}.Debug|Any CPU.Build.0 = Debug|Any CPU
		{0C377B22-133F-489E-9A92-F5BB2F50DA22}.Release|Any CPU.ActiveCfg = Release|Any CPU
		{0C377B22-133F-489E-9A92-F5BB2F50DA22}.Release|Any CPU.Build.0 = Release|Any CPU
		{8B220354-D03A-4424-80DB-6C0305D83B63}.Debug|Any CPU.ActiveCfg = Debug|Any CPU
		{8B220354-D03A-4424-80DB-6C0305D83B63}.Debug|Any CPU.Build.0 = Debug|Any CPU
		{8B220354-D03A-4424-80DB-6C0305D83B63}.Release|Any CPU.ActiveCfg = Release|Any CPU
		{8B220354-D03A-4424-80DB-6C0305D83B63}.Release|Any CPU.Build.0 = Release|Any CPU
	EndGlobalSection
	GlobalSection(SolutionProperties) = preSolution
		HideSolutionNode = FALSE
	EndGlobalSection
	GlobalSection(ExtensibilityGlobals) = postSolution
		SolutionGuid = {C09CE6D3-4F06-4137-82A2-0BCDF6EFB247}
	EndGlobalSection
EndGlobal
